
Microsoft Visual Studio Solution File, Format Version 12.00
# Visual Studio Version 17
VisualStudioVersion = 17.4.33110.190
MinimumVisualStudioVersion = 10.0.40219.1
Project("{FAE04EC0-301F-11D3-BF4B-00C04F79EFBC}") = "Streamish", "Streamish\Streamish.csproj", "{2F5F4959-59DC-4696-8E3E-F2F148D2631F}"
EndProject
Global
	GlobalSection(SolutionConfigurationPlatforms) = preSolution
		Debug|Any CPU = Debug|Any CPU
		Release|Any CPU = Release|Any CPU
	EndGlobalSection
	GlobalSection(ProjectConfigurationPlatforms) = postSolution
		{2F5F4959-59DC-4696-8E3E-F2F148D2631F}.Debug|Any CPU.ActiveCfg = Debug|Any CPU
		{2F5F4959-59DC-4696-8E3E-F2F148D2631F}.Debug|Any CPU.Build.0 = Debug|Any CPU
		{2F5F4959-59DC-4696-8E3E-F2F148D2631F}.Release|Any CPU.ActiveCfg = Release|Any CPU
		{2F5F4959-59DC-4696-8E3E-F2F148D2631F}.Release|Any CPU.Build.0 = Release|Any CPU
	EndGlobalSection
	GlobalSection(SolutionProperties) = preSolution
		HideSolutionNode = FALSE
	EndGlobalSection
	GlobalSection(ExtensibilityGlobals) = postSolution
		SolutionGuid = {4B4004A4-45D8-4226-951A-17CF17889CFA}
	EndGlobalSection
EndGlobal
